
Microsoft Visual Studio Solution File, Format Version 12.00
# Visual Studio 14
VisualStudioVersion = 14.0.24720.0
MinimumVisualStudioVersion = 10.0.40219.1
Project("{2150E333-8FDC-42A3-9474-1A3956D46DE8}") = "src", "src", "{E4A3C222-0F5A-46AA-A9E0-7BD350B7B08A}"
EndProject
Project("{2150E333-8FDC-42A3-9474-1A3956D46DE8}") = "Solution Items", "Solution Items", "{D68A836A-AB4A-4D83-9E2E-E0BB8E752715}"
	ProjectSection(SolutionItems) = preProject
		global.json = global.json
	EndProjectSection
EndProject
Project("{8BB2217D-0F2D-49D1-97BC-3654ED321F3B}") = "LHR.MVC", "src\LHR.MVC\LHR.MVC.xproj", "{208BEDEB-2F30-4858-88CF-C9BD5E5C5956}"
EndProject
Project("{8BB2217D-0F2D-49D1-97BC-3654ED321F3B}") = "LHR.MVC.CUST", "src\LHR.MVC.CUST\LHR.MVC.CUST.xproj", "{3FB34865-C3D4-46CF-A2E5-2F1013527982}"
EndProject
Project("{2150E333-8FDC-42A3-9474-1A3956D46DE8}") = "Addons", "Addons", "{5998349A-B5EE-41CB-96AC-D19C1FC64C2B}"
EndProject
Project("{8BB2217D-0F2D-49D1-97BC-3654ED321F3B}") = "LHR.Types", "src\LHR.Types\LHR.Types.xproj", "{2964AB1F-CA60-4932-A581-80632292E676}"
EndProject
Project("{8BB2217D-0F2D-49D1-97BC-3654ED321F3B}") = "LHR.BL", "src\LHR.BL\LHR.BL.xproj", "{99F2F0AD-87B2-4B57-BB2E-5086725ECF19}"
EndProject
Project("{8BB2217D-0F2D-49D1-97BC-3654ED321F3B}") = "LHR.BL.Core", "src\LHR.BL.Core\LHR.BL.Core.xproj", "{DF74341F-700C-4E20-8F6F-3786EDA41394}"
EndProject
Global
	GlobalSection(SolutionConfigurationPlatforms) = preSolution
		Debug|Any CPU = Debug|Any CPU
		Release|Any CPU = Release|Any CPU
	EndGlobalSection
	GlobalSection(ProjectConfigurationPlatforms) = postSolution
		{208BEDEB-2F30-4858-88CF-C9BD5E5C5956}.Debug|Any CPU.ActiveCfg = Debug|Any CPU
		{208BEDEB-2F30-4858-88CF-C9BD5E5C5956}.Debug|Any CPU.Build.0 = Debug|Any CPU
		{208BEDEB-2F30-4858-88CF-C9BD5E5C5956}.Release|Any CPU.ActiveCfg = Release|Any CPU
		{208BEDEB-2F30-4858-88CF-C9BD5E5C5956}.Release|Any CPU.Build.0 = Release|Any CPU
		{3FB34865-C3D4-46CF-A2E5-2F1013527982}.Debug|Any CPU.ActiveCfg = Debug|Any CPU
		{3FB34865-C3D4-46CF-A2E5-2F1013527982}.Debug|Any CPU.Build.0 = Debug|Any CPU
		{3FB34865-C3D4-46CF-A2E5-2F1013527982}.Release|Any CPU.ActiveCfg = Release|Any CPU
		{3FB34865-C3D4-46CF-A2E5-2F1013527982}.Release|Any CPU.Build.0 = Release|Any CPU
		{2964AB1F-CA60-4932-A581-80632292E676}.Debug|Any CPU.ActiveCfg = Debug|Any CPU
		{2964AB1F-CA60-4932-A581-80632292E676}.Debug|Any CPU.Build.0 = Debug|Any CPU
		{2964AB1F-CA60-4932-A581-80632292E676}.Release|Any CPU.ActiveCfg = Release|Any CPU
		{2964AB1F-CA60-4932-A581-80632292E676}.Release|Any CPU.Build.0 = Release|Any CPU
		{99F2F0AD-87B2-4B57-BB2E-5086725ECF19}.Debug|Any CPU.ActiveCfg = Debug|Any CPU
		{99F2F0AD-87B2-4B57-BB2E-5086725ECF19}.Debug|Any CPU.Build.0 = Debug|Any CPU
		{99F2F0AD-87B2-4B57-BB2E-5086725ECF19}.Release|Any CPU.ActiveCfg = Release|Any CPU
		{99F2F0AD-87B2-4B57-BB2E-5086725ECF19}.Release|Any CPU.Build.0 = Release|Any CPU
		{DF74341F-700C-4E20-8F6F-3786EDA41394}.Debug|Any CPU.ActiveCfg = Debug|Any CPU
		{DF74341F-700C-4E20-8F6F-3786EDA41394}.Debug|Any CPU.Build.0 = Debug|Any CPU
		{DF74341F-700C-4E20-8F6F-3786EDA41394}.Release|Any CPU.ActiveCfg = Release|Any CPU
		{DF74341F-700C-4E20-8F6F-3786EDA41394}.Release|Any CPU.Build.0 = Release|Any CPU
	EndGlobalSection
	GlobalSection(SolutionProperties) = preSolution
		HideSolutionNode = FALSE
	EndGlobalSection
	GlobalSection(NestedProjects) = preSolution
		{208BEDEB-2F30-4858-88CF-C9BD5E5C5956} = {E4A3C222-0F5A-46AA-A9E0-7BD350B7B08A}
		{3FB34865-C3D4-46CF-A2E5-2F1013527982} = {5998349A-B5EE-41CB-96AC-D19C1FC64C2B}
		{5998349A-B5EE-41CB-96AC-D19C1FC64C2B} = {E4A3C222-0F5A-46AA-A9E0-7BD350B7B08A}
		{2964AB1F-CA60-4932-A581-80632292E676} = {E4A3C222-0F5A-46AA-A9E0-7BD350B7B08A}
		{99F2F0AD-87B2-4B57-BB2E-5086725ECF19} = {E4A3C222-0F5A-46AA-A9E0-7BD350B7B08A}
		{DF74341F-700C-4E20-8F6F-3786EDA41394} = {E4A3C222-0F5A-46AA-A9E0-7BD350B7B08A}
	EndGlobalSection
EndGlobal
